// !$*UTF8*$!
{
	archiveVersion = 1;
	classes = {
	};
	objectVersion = 50;
	objects = {

/* Begin PBXBuildFile section */
		46250FC4240AE1D20044E17E /* LSNumbersView.swift in Sources */ = {isa = PBXBuildFile; fileRef = 46250FC3240AE1D20044E17E /* LSNumbersView.swift */; };
		46250FC6240AE7750044E17E /* LSHeaderView.swift in Sources */ = {isa = PBXBuildFile; fileRef = 46250FC5240AE7750044E17E /* LSHeaderView.swift */; };
		4639C312241126800024FA55 /* Constants.swift in Sources */ = {isa = PBXBuildFile; fileRef = 4639C311241126800024FA55 /* Constants.swift */; };
		46867DDF240904100081A709 /* LSBallView.swift in Sources */ = {isa = PBXBuildFile; fileRef = 46867DDE240904100081A709 /* LSBallView.swift */; };
		46867DE3240924D20081A709 /* LSDataLoadingVC.swift in Sources */ = {isa = PBXBuildFile; fileRef = 46867DE2240924D20081A709 /* LSDataLoadingVC.swift */; };
		46867DE824092F990081A709 /* LSButton.swift in Sources */ = {isa = PBXBuildFile; fileRef = 46867DE724092F990081A709 /* LSButton.swift */; };
		46867DEA24093C220081A709 /* TarihListVC.swift in Sources */ = {isa = PBXBuildFile; fileRef = 46867DE924093C220081A709 /* TarihListVC.swift */; };
		469ABEA62407CB250013D0AF /* AppDelegate.swift in Sources */ = {isa = PBXBuildFile; fileRef = 469ABEA52407CB250013D0AF /* AppDelegate.swift */; };
		469ABEA82407CB250013D0AF /* SceneDelegate.swift in Sources */ = {isa = PBXBuildFile; fileRef = 469ABEA72407CB250013D0AF /* SceneDelegate.swift */; };
		469ABEAF2407CB2A0013D0AF /* Assets.xcassets in Resources */ = {isa = PBXBuildFile; fileRef = 469ABEAE2407CB2A0013D0AF /* Assets.xcassets */; };
		469ABEB22407CB2A0013D0AF /* LaunchScreen.storyboard in Resources */ = {isa = PBXBuildFile; fileRef = 469ABEB02407CB2A0013D0AF /* LaunchScreen.storyboard */; };
		469ABEBA2407CB700013D0AF /* SonucData.swift in Sources */ = {isa = PBXBuildFile; fileRef = 469ABEB92407CB700013D0AF /* SonucData.swift */; };
		469ABEBC2407CE190013D0AF /* SonucManager.swift in Sources */ = {isa = PBXBuildFile; fileRef = 469ABEBB2407CE190013D0AF /* SonucManager.swift */; };
		469ABEC02407D1B70013D0AF /* LSError.swift in Sources */ = {isa = PBXBuildFile; fileRef = 469ABEBF2407D1B70013D0AF /* LSError.swift */; };
		469ABEC42407E5A00013D0AF /* LSTitleLabel.swift in Sources */ = {isa = PBXBuildFile; fileRef = 469ABEC32407E5A00013D0AF /* LSTitleLabel.swift */; };
		469ABEC62407E5E10013D0AF /* SayisalLotoVC.swift in Sources */ = {isa = PBXBuildFile; fileRef = 469ABEC52407E5E10013D0AF /* SayisalLotoVC.swift */; };
		469ABEC82407E6A50013D0AF /* LSTabBarController.swift in Sources */ = {isa = PBXBuildFile; fileRef = 469ABEC72407E6A50013D0AF /* LSTabBarController.swift */; };
		469ABECA2407E7020013D0AF /* OnNumaraVC.swift in Sources */ = {isa = PBXBuildFile; fileRef = 469ABEC92407E7020013D0AF /* OnNumaraVC.swift */; };
		469ABECC2407E71C0013D0AF /* SansTopuVC.swift in Sources */ = {isa = PBXBuildFile; fileRef = 469ABECB2407E71C0013D0AF /* SansTopuVC.swift */; };
		469ABECE2407E7370013D0AF /* SuperLotoVC.swift in Sources */ = {isa = PBXBuildFile; fileRef = 469ABECD2407E7370013D0AF /* SuperLotoVC.swift */; };
		469ABEDB2407EFA20013D0AF /* LSNumberLabel.swift in Sources */ = {isa = PBXBuildFile; fileRef = 469ABEDA2407EFA20013D0AF /* LSNumberLabel.swift */; };
		46A1701E240FA596001B31EA /* NotificationManager.swift in Sources */ = {isa = PBXBuildFile; fileRef = 46A1701D240FA596001B31EA /* NotificationManager.swift */; };
		46AA53C4240E499C00F85313 /* LSAlertContainerView.swift in Sources */ = {isa = PBXBuildFile; fileRef = 46AA53C3240E499C00F85313 /* LSAlertContainerView.swift */; };
		46AA53C6240E4A2B00F85313 /* LSAlertVC.swift in Sources */ = {isa = PBXBuildFile; fileRef = 46AA53C5240E4A2B00F85313 /* LSAlertVC.swift */; };
		46AA53C8240E4B0D00F85313 /* LSErrorTitleLabel.swift in Sources */ = {isa = PBXBuildFile; fileRef = 46AA53C7240E4B0D00F85313 /* LSErrorTitleLabel.swift */; };
		46AA53CA240E4B6100F85313 /* LSErrorBodyLabel.swift in Sources */ = {isa = PBXBuildFile; fileRef = 46AA53C9240E4B6100F85313 /* LSErrorBodyLabel.swift */; };
		46AA53CC240E4DE500F85313 /* UIViewController+Ext.swift in Sources */ = {isa = PBXBuildFile; fileRef = 46AA53CB240E4DE500F85313 /* UIViewController+Ext.swift */; };
		46AA53CE240E616300F85313 /* Double+Ext.swift in Sources */ = {isa = PBXBuildFile; fileRef = 46AA53CD240E616300F85313 /* Double+Ext.swift */; };
		46C91549240CFC2700B1EE30 /* LSDetailsView.swift in Sources */ = {isa = PBXBuildFile; fileRef = 46C91548240CFC2700B1EE30 /* LSDetailsView.swift */; };
		46C9154B240CFD2100B1EE30 /* LSBodyLabel.swift in Sources */ = {isa = PBXBuildFile; fileRef = 46C9154A240CFD2100B1EE30 /* LSBodyLabel.swift */; };
		46C9154F240D03DF00B1EE30 /* LSKnownNumberLabel.swift in Sources */ = {isa = PBXBuildFile; fileRef = 46C9154E240D03DF00B1EE30 /* LSKnownNumberLabel.swift */; };
		46C91551240D054A00B1EE30 /* LSKnownView.swift in Sources */ = {isa = PBXBuildFile; fileRef = 46C91550240D054A00B1EE30 /* LSKnownView.swift */; };
		46C91559240D227100B1EE30 /* LSNumbersTenView.swift in Sources */ = {isa = PBXBuildFile; fileRef = 46C91558240D227100B1EE30 /* LSNumbersTenView.swift */; };
		46C9155C240D2CEF00B1EE30 /* UIView+Ext.swift in Sources */ = {isa = PBXBuildFile; fileRef = 46C9155B240D2CEF00B1EE30 /* UIView+Ext.swift */; };
		46C9155E240D39DF00B1EE30 /* LSNumbersFivePlusView.swift in Sources */ = {isa = PBXBuildFile; fileRef = 46C9155D240D39DF00B1EE30 /* LSNumbersFivePlusView.swift */; };
		46C91562240D461A00B1EE30 /* LSDetailsSansTopuView.swift in Sources */ = {isa = PBXBuildFile; fileRef = 46C91561240D461A00B1EE30 /* LSDetailsSansTopuView.swift */; };
/* End PBXBuildFile section */

/* Begin PBXFileReference section */
		46250FC3240AE1D20044E17E /* LSNumbersView.swift */ = {isa = PBXFileReference; lastKnownFileType = sourcecode.swift; path = LSNumbersView.swift; sourceTree = "<group>"; };
		46250FC5240AE7750044E17E /* LSHeaderView.swift */ = {isa = PBXFileReference; lastKnownFileType = sourcecode.swift; path = LSHeaderView.swift; sourceTree = "<group>"; };
		4639C311241126800024FA55 /* Constants.swift */ = {isa = PBXFileReference; lastKnownFileType = sourcecode.swift; path = Constants.swift; sourceTree = "<group>"; };
		46867DDE240904100081A709 /* LSBallView.swift */ = {isa = PBXFileReference; lastKnownFileType = sourcecode.swift; path = LSBallView.swift; sourceTree = "<group>"; };
		46867DE2240924D20081A709 /* LSDataLoadingVC.swift */ = {isa = PBXFileReference; lastKnownFileType = sourcecode.swift; path = LSDataLoadingVC.swift; sourceTree = "<group>"; };
		46867DE724092F990081A709 /* LSButton.swift */ = {isa = PBXFileReference; lastKnownFileType = sourcecode.swift; path = LSButton.swift; sourceTree = "<group>"; };
		46867DE924093C220081A709 /* TarihListVC.swift */ = {isa = PBXFileReference; lastKnownFileType = sourcecode.swift; path = TarihListVC.swift; sourceTree = "<group>"; };
		469ABEA22407CB250013D0AF /* LotoSonuc.app */ = {isa = PBXFileReference; explicitFileType = wrapper.application; includeInIndex = 0; path = LotoSonuc.app; sourceTree = BUILT_PRODUCTS_DIR; };
		469ABEA52407CB250013D0AF /* AppDelegate.swift */ = {isa = PBXFileReference; lastKnownFileType = sourcecode.swift; path = AppDelegate.swift; sourceTree = "<group>"; };
		469ABEA72407CB250013D0AF /* SceneDelegate.swift */ = {isa = PBXFileReference; lastKnownFileType = sourcecode.swift; path = SceneDelegate.swift; sourceTree = "<group>"; };
		469ABEAE2407CB2A0013D0AF /* Assets.xcassets */ = {isa = PBXFileReference; lastKnownFileType = folder.assetcatalog; path = Assets.xcassets; sourceTree = "<group>"; };
		469ABEB12407CB2A0013D0AF /* Base */ = {isa = PBXFileReference; lastKnownFileType = file.storyboard; name = Base; path = Base.lproj/LaunchScreen.storyboard; sourceTree = "<group>"; };
		469ABEB32407CB2A0013D0AF /* Info.plist */ = {isa = PBXFileReference; lastKnownFileType = text.plist.xml; path = Info.plist; sourceTree = "<group>"; };
		469ABEB92407CB700013D0AF /* SonucData.swift */ = {isa = PBXFileReference; lastKnownFileType = sourcecode.swift; path = SonucData.swift; sourceTree = "<group>"; };
		469ABEBB2407CE190013D0AF /* SonucManager.swift */ = {isa = PBXFileReference; lastKnownFileType = sourcecode.swift; path = SonucManager.swift; sourceTree = "<group>"; };
		469ABEBF2407D1B70013D0AF /* LSError.swift */ = {isa = PBXFileReference; lastKnownFileType = sourcecode.swift; path = LSError.swift; sourceTree = "<group>"; };
		469ABEC32407E5A00013D0AF /* LSTitleLabel.swift */ = {isa = PBXFileReference; lastKnownFileType = sourcecode.swift; path = LSTitleLabel.swift; sourceTree = "<group>"; };
		469ABEC52407E5E10013D0AF /* SayisalLotoVC.swift */ = {isa = PBXFileReference; lastKnownFileType = sourcecode.swift; path = SayisalLotoVC.swift; sourceTree = "<group>"; };
		469ABEC72407E6A50013D0AF /* LSTabBarController.swift */ = {isa = PBXFileReference; lastKnownFileType = sourcecode.swift; path = LSTabBarController.swift; sourceTree = "<group>"; };
		469ABEC92407E7020013D0AF /* OnNumaraVC.swift */ = {isa = PBXFileReference; lastKnownFileType = sourcecode.swift; path = OnNumaraVC.swift; sourceTree = "<group>"; };
		469ABECB2407E71C0013D0AF /* SansTopuVC.swift */ = {isa = PBXFileReference; lastKnownFileType = sourcecode.swift; path = SansTopuVC.swift; sourceTree = "<group>"; };
		469ABECD2407E7370013D0AF /* SuperLotoVC.swift */ = {isa = PBXFileReference; lastKnownFileType = sourcecode.swift; path = SuperLotoVC.swift; sourceTree = "<group>"; };
		469ABEDA2407EFA20013D0AF /* LSNumberLabel.swift */ = {isa = PBXFileReference; lastKnownFileType = sourcecode.swift; path = LSNumberLabel.swift; sourceTree = "<group>"; };
		46A1701D240FA596001B31EA /* NotificationManager.swift */ = {isa = PBXFileReference; lastKnownFileType = sourcecode.swift; path = NotificationManager.swift; sourceTree = "<group>"; };
		46AA53C3240E499C00F85313 /* LSAlertContainerView.swift */ = {isa = PBXFileReference; lastKnownFileType = sourcecode.swift; path = LSAlertContainerView.swift; sourceTree = "<group>"; };
		46AA53C5240E4A2B00F85313 /* LSAlertVC.swift */ = {isa = PBXFileReference; lastKnownFileType = sourcecode.swift; path = LSAlertVC.swift; sourceTree = "<group>"; };
		46AA53C7240E4B0D00F85313 /* LSErrorTitleLabel.swift */ = {isa = PBXFileReference; lastKnownFileType = sourcecode.swift; path = LSErrorTitleLabel.swift; sourceTree = "<group>"; };
		46AA53C9240E4B6100F85313 /* LSErrorBodyLabel.swift */ = {isa = PBXFileReference; lastKnownFileType = sourcecode.swift; path = LSErrorBodyLabel.swift; sourceTree = "<group>"; };
		46AA53CB240E4DE500F85313 /* UIViewController+Ext.swift */ = {isa = PBXFileReference; lastKnownFileType = sourcecode.swift; path = "UIViewController+Ext.swift"; sourceTree = "<group>"; };
		46AA53CD240E616300F85313 /* Double+Ext.swift */ = {isa = PBXFileReference; lastKnownFileType = sourcecode.swift; path = "Double+Ext.swift"; sourceTree = "<group>"; };
		46C91548240CFC2700B1EE30 /* LSDetailsView.swift */ = {isa = PBXFileReference; lastKnownFileType = sourcecode.swift; path = LSDetailsView.swift; sourceTree = "<group>"; };
		46C9154A240CFD2100B1EE30 /* LSBodyLabel.swift */ = {isa = PBXFileReference; lastKnownFileType = sourcecode.swift; path = LSBodyLabel.swift; sourceTree = "<group>"; };
		46C9154E240D03DF00B1EE30 /* LSKnownNumberLabel.swift */ = {isa = PBXFileReference; lastKnownFileType = sourcecode.swift; path = LSKnownNumberLabel.swift; sourceTree = "<group>"; };
		46C91550240D054A00B1EE30 /* LSKnownView.swift */ = {isa = PBXFileReference; lastKnownFileType = sourcecode.swift; path = LSKnownView.swift; sourceTree = "<group>"; };
		46C91558240D227100B1EE30 /* LSNumbersTenView.swift */ = {isa = PBXFileReference; lastKnownFileType = sourcecode.swift; path = LSNumbersTenView.swift; sourceTree = "<group>"; };
		46C9155B240D2CEF00B1EE30 /* UIView+Ext.swift */ = {isa = PBXFileReference; lastKnownFileType = sourcecode.swift; path = "UIView+Ext.swift"; sourceTree = "<group>"; };
		46C9155D240D39DF00B1EE30 /* LSNumbersFivePlusView.swift */ = {isa = PBXFileReference; lastKnownFileType = sourcecode.swift; path = LSNumbersFivePlusView.swift; sourceTree = "<group>"; };
		46C91561240D461A00B1EE30 /* LSDetailsSansTopuView.swift */ = {isa = PBXFileReference; lastKnownFileType = sourcecode.swift; path = LSDetailsSansTopuView.swift; sourceTree = "<group>"; };
/* End PBXFileReference section */

/* Begin PBXFrameworksBuildPhase section */
		469ABE9F2407CB250013D0AF /* Frameworks */ = {
			isa = PBXFrameworksBuildPhase;
			buildActionMask = 2147483647;
			files = (
			);
			runOnlyForDeploymentPostprocessing = 0;
		};
/* End PBXFrameworksBuildPhase section */

/* Begin PBXGroup section */
		4639C315241137C60024FA55 /* Numbers */ = {
			isa = PBXGroup;
			children = (
				46867DDE240904100081A709 /* LSBallView.swift */,
				46250FC3240AE1D20044E17E /* LSNumbersView.swift */,
				46C9155D240D39DF00B1EE30 /* LSNumbersFivePlusView.swift */,
				46C91558240D227100B1EE30 /* LSNumbersTenView.swift */,
			);
			path = Numbers;
			sourceTree = "<group>";
		};
		4639C316241137EF0024FA55 /* Details */ = {
			isa = PBXGroup;
			children = (
				46C91548240CFC2700B1EE30 /* LSDetailsView.swift */,
				46C91561240D461A00B1EE30 /* LSDetailsSansTopuView.swift */,
				46C91550240D054A00B1EE30 /* LSKnownView.swift */,
			);
			path = Details;
			sourceTree = "<group>";
		};
		46867DDA240902EC0081A709 /* TabBarController */ = {
			isa = PBXGroup;
			children = (
				469ABEC72407E6A50013D0AF /* LSTabBarController.swift */,
			);
			path = TabBarController;
			sourceTree = "<group>";
		};
		46867DDB240902F80081A709 /* Labels */ = {
			isa = PBXGroup;
			children = (
				469ABEC32407E5A00013D0AF /* LSTitleLabel.swift */,
				469ABEDA2407EFA20013D0AF /* LSNumberLabel.swift */,
				46C9154A240CFD2100B1EE30 /* LSBodyLabel.swift */,
				46C9154E240D03DF00B1EE30 /* LSKnownNumberLabel.swift */,
				46AA53C7240E4B0D00F85313 /* LSErrorTitleLabel.swift */,
				46AA53C9240E4B6100F85313 /* LSErrorBodyLabel.swift */,
			);
			path = Labels;
			sourceTree = "<group>";
		};
		46867DE024091E010081A709 /* Views */ = {
			isa = PBXGroup;
			children = (
				4639C315241137C60024FA55 /* Numbers */,
				46250FC5240AE7750044E17E /* LSHeaderView.swift */,
				4639C316241137EF0024FA55 /* Details */,
				46AA53C3240E499C00F85313 /* LSAlertContainerView.swift */,
			);
			path = Views;
			sourceTree = "<group>";
		};
		46867DE124091E070081A709 /* ViewControllers */ = {
			isa = PBXGroup;
			children = (
				46867DE2240924D20081A709 /* LSDataLoadingVC.swift */,
				46AA53C5240E4A2B00F85313 /* LSAlertVC.swift */,
			);
			path = ViewControllers;
			sourceTree = "<group>";
		};
		46867DE624092F7A0081A709 /* Buttons */ = {
			isa = PBXGroup;
			children = (
				46867DE724092F990081A709 /* LSButton.swift */,
			);
			path = Buttons;
			sourceTree = "<group>";
		};
		469ABE992407CB250013D0AF = {
			isa = PBXGroup;
			children = (
				469ABEA42407CB250013D0AF /* LotoSonuc */,
				469ABEA32407CB250013D0AF /* Products */,
			);
			sourceTree = "<group>";
		};
		469ABEA32407CB250013D0AF /* Products */ = {
			isa = PBXGroup;
			children = (
				469ABEA22407CB250013D0AF /* LotoSonuc.app */,
			);
			name = Products;
			sourceTree = "<group>";
		};
		469ABEA42407CB250013D0AF /* LotoSonuc */ = {
			isa = PBXGroup;
			children = (
				46C9155A240D2CDA00B1EE30 /* Extensions */,
				469ABED22407E9990013D0AF /* Model */,
				469ABED32407E9A00013D0AF /* Managers */,
				469ABED62407E9B80013D0AF /* Utilities */,
				469ABED42407E9AB0013D0AF /* Custom Views */,
				469ABECF2407E9750013D0AF /* Screens */,
				469ABED72407E9C80013D0AF /* Support */,
				469ABEB32407CB2A0013D0AF /* Info.plist */,
			);
			path = LotoSonuc;
			sourceTree = "<group>";
		};
		469ABECF2407E9750013D0AF /* Screens */ = {
			isa = PBXGroup;
			children = (
				469ABEC52407E5E10013D0AF /* SayisalLotoVC.swift */,
				469ABEC92407E7020013D0AF /* OnNumaraVC.swift */,
				469ABECB2407E71C0013D0AF /* SansTopuVC.swift */,
				469ABECD2407E7370013D0AF /* SuperLotoVC.swift */,
				46867DE924093C220081A709 /* TarihListVC.swift */,
			);
			path = Screens;
			sourceTree = "<group>";
		};
		469ABED22407E9990013D0AF /* Model */ = {
			isa = PBXGroup;
			children = (
				469ABEB92407CB700013D0AF /* SonucData.swift */,
			);
			path = Model;
			sourceTree = "<group>";
		};
		469ABED32407E9A00013D0AF /* Managers */ = {
			isa = PBXGroup;
			children = (
				469ABEBB2407CE190013D0AF /* SonucManager.swift */,
				46A1701D240FA596001B31EA /* NotificationManager.swift */,
			);
			path = Managers;
			sourceTree = "<group>";
		};
		469ABED42407E9AB0013D0AF /* Custom Views */ = {
			isa = PBXGroup;
			children = (
				46867DE624092F7A0081A709 /* Buttons */,
				46867DDB240902F80081A709 /* Labels */,
				46867DDA240902EC0081A709 /* TabBarController */,
				46867DE124091E070081A709 /* ViewControllers */,
				46867DE024091E010081A709 /* Views */,
			);
			path = "Custom Views";
			sourceTree = "<group>";
		};
		469ABED62407E9B80013D0AF /* Utilities */ = {
			isa = PBXGroup;
			children = (
				469ABEBF2407D1B70013D0AF /* LSError.swift */,
				4639C311241126800024FA55 /* Constants.swift */,
			);
			path = Utilities;
			sourceTree = "<group>";
		};
		469ABED72407E9C80013D0AF /* Support */ = {
			isa = PBXGroup;
			children = (
				469ABEA52407CB250013D0AF /* AppDelegate.swift */,
				469ABEA72407CB250013D0AF /* SceneDelegate.swift */,
				469ABEAE2407CB2A0013D0AF /* Assets.xcassets */,
				469ABEB02407CB2A0013D0AF /* LaunchScreen.storyboard */,
			);
			path = Support;
			sourceTree = "<group>";
		};
		46C9155A240D2CDA00B1EE30 /* Extensions */ = {
			isa = PBXGroup;
			children = (
				46C9155B240D2CEF00B1EE30 /* UIView+Ext.swift */,
				46AA53CB240E4DE500F85313 /* UIViewController+Ext.swift */,
				46AA53CD240E616300F85313 /* Double+Ext.swift */,
			);
			path = Extensions;
			sourceTree = "<group>";
		};
/* End PBXGroup section */

/* Begin PBXNativeTarget section */
		469ABEA12407CB250013D0AF /* LotoSonuc */ = {
			isa = PBXNativeTarget;
			buildConfigurationList = 469ABEB62407CB2A0013D0AF /* Build configuration list for PBXNativeTarget "LotoSonuc" */;
			buildPhases = (
				469ABE9E2407CB250013D0AF /* Sources */,
				469ABE9F2407CB250013D0AF /* Frameworks */,
				469ABEA02407CB250013D0AF /* Resources */,
			);
			buildRules = (
			);
			dependencies = (
			);
			name = LotoSonuc;
			productName = LotoSonuc;
			productReference = 469ABEA22407CB250013D0AF /* LotoSonuc.app */;
			productType = "com.apple.product-type.application";
		};
/* End PBXNativeTarget section */

/* Begin PBXProject section */
		469ABE9A2407CB250013D0AF /* Project object */ = {
			isa = PBXProject;
			attributes = {
				LastSwiftUpdateCheck = 1130;
				LastUpgradeCheck = 1130;
				ORGANIZATIONNAME = "Murat Baykor";
				TargetAttributes = {
					469ABEA12407CB250013D0AF = {
						CreatedOnToolsVersion = 11.3.1;
					};
				};
			};
			buildConfigurationList = 469ABE9D2407CB250013D0AF /* Build configuration list for PBXProject "LotoSonuc" */;
			compatibilityVersion = "Xcode 9.3";
			developmentRegion = en;
			hasScannedForEncodings = 0;
			knownRegions = (
				en,
				Base,
			);
			mainGroup = 469ABE992407CB250013D0AF;
			productRefGroup = 469ABEA32407CB250013D0AF /* Products */;
			projectDirPath = "";
			projectRoot = "";
			targets = (
				469ABEA12407CB250013D0AF /* LotoSonuc */,
			);
		};
/* End PBXProject section */

/* Begin PBXResourcesBuildPhase section */
		469ABEA02407CB250013D0AF /* Resources */ = {
			isa = PBXResourcesBuildPhase;
			buildActionMask = 2147483647;
			files = (
				469ABEB22407CB2A0013D0AF /* LaunchScreen.storyboard in Resources */,
				469ABEAF2407CB2A0013D0AF /* Assets.xcassets in Resources */,
			);
			runOnlyForDeploymentPostprocessing = 0;
		};
/* End PBXResourcesBuildPhase section */

/* Begin PBXSourcesBuildPhase section */
		469ABE9E2407CB250013D0AF /* Sources */ = {
			isa = PBXSourcesBuildPhase;
			buildActionMask = 2147483647;
			files = (
				46867DDF240904100081A709 /* LSBallView.swift in Sources */,
				46C9154B240CFD2100B1EE30 /* LSBodyLabel.swift in Sources */,
				469ABEC42407E5A00013D0AF /* LSTitleLabel.swift in Sources */,
				46867DEA24093C220081A709 /* TarihListVC.swift in Sources */,
				469ABEBA2407CB700013D0AF /* SonucData.swift in Sources */,
				469ABECE2407E7370013D0AF /* SuperLotoVC.swift in Sources */,
				46AA53CA240E4B6100F85313 /* LSErrorBodyLabel.swift in Sources */,
				469ABEC82407E6A50013D0AF /* LSTabBarController.swift in Sources */,
				469ABEDB2407EFA20013D0AF /* LSNumberLabel.swift in Sources */,
				46250FC6240AE7750044E17E /* LSHeaderView.swift in Sources */,
				46C9154F240D03DF00B1EE30 /* LSKnownNumberLabel.swift in Sources */,
				469ABEBC2407CE190013D0AF /* SonucManager.swift in Sources */,
				46C91562240D461A00B1EE30 /* LSDetailsSansTopuView.swift in Sources */,
				46C91551240D054A00B1EE30 /* LSKnownView.swift in Sources */,
				46AA53CC240E4DE500F85313 /* UIViewController+Ext.swift in Sources */,
				46C9155C240D2CEF00B1EE30 /* UIView+Ext.swift in Sources */,
				469ABEC62407E5E10013D0AF /* SayisalLotoVC.swift in Sources */,
				469ABECC2407E71C0013D0AF /* SansTopuVC.swift in Sources */,
				46A1701E240FA596001B31EA /* NotificationManager.swift in Sources */,
				469ABEA62407CB250013D0AF /* AppDelegate.swift in Sources */,
				46250FC4240AE1D20044E17E /* LSNumbersView.swift in Sources */,
				469ABEA82407CB250013D0AF /* SceneDelegate.swift in Sources */,
				46AA53C6240E4A2B00F85313 /* LSAlertVC.swift in Sources */,
				46867DE824092F990081A709 /* LSButton.swift in Sources */,
				4639C312241126800024FA55 /* Constants.swift in Sources */,
				46C91549240CFC2700B1EE30 /* LSDetailsView.swift in Sources */,
				46AA53C4240E499C00F85313 /* LSAlertContainerView.swift in Sources */,
				46AA53CE240E616300F85313 /* Double+Ext.swift in Sources */,
				469ABEC02407D1B70013D0AF /* LSError.swift in Sources */,
				46867DE3240924D20081A709 /* LSDataLoadingVC.swift in Sources */,
				46C91559240D227100B1EE30 /* LSNumbersTenView.swift in Sources */,
				46C9155E240D39DF00B1EE30 /* LSNumbersFivePlusView.swift in Sources */,
				469ABECA2407E7020013D0AF /* OnNumaraVC.swift in Sources */,
				46AA53C8240E4B0D00F85313 /* LSErrorTitleLabel.swift in Sources */,
			);
			runOnlyForDeploymentPostprocessing = 0;
		};
/* End PBXSourcesBuildPhase section */

/* Begin PBXVariantGroup section */
		469ABEB02407CB2A0013D0AF /* LaunchScreen.storyboard */ = {
			isa = PBXVariantGroup;
			children = (
				469ABEB12407CB2A0013D0AF /* Base */,
			);
			name = LaunchScreen.storyboard;
			sourceTree = "<group>";
		};
/* End PBXVariantGroup section */

/* Begin XCBuildConfiguration section */
		469ABEB42407CB2A0013D0AF /* Debug */ = {
			isa = XCBuildConfiguration;
			buildSettings = {
				ALWAYS_SEARCH_USER_PATHS = NO;
				CLANG_ANALYZER_NONNULL = YES;
				CLANG_ANALYZER_NUMBER_OBJECT_CONVERSION = YES_AGGRESSIVE;
				CLANG_CXX_LANGUAGE_STANDARD = "gnu++14";
				CLANG_CXX_LIBRARY = "libc++";
				CLANG_ENABLE_MODULES = YES;
				CLANG_ENABLE_OBJC_ARC = YES;
				CLANG_ENABLE_OBJC_WEAK = YES;
				CLANG_WARN_BLOCK_CAPTURE_AUTORELEASING = YES;
				CLANG_WARN_BOOL_CONVERSION = YES;
				CLANG_WARN_COMMA = YES;
				CLANG_WARN_CONSTANT_CONVERSION = YES;
				CLANG_WARN_DEPRECATED_OBJC_IMPLEMENTATIONS = YES;
				CLANG_WARN_DIRECT_OBJC_ISA_USAGE = YES_ERROR;
				CLANG_WARN_DOCUMENTATION_COMMENTS = YES;
				CLANG_WARN_EMPTY_BODY = YES;
				CLANG_WARN_ENUM_CONVERSION = YES;
				CLANG_WARN_INFINITE_RECURSION = YES;
				CLANG_WARN_INT_CONVERSION = YES;
				CLANG_WARN_NON_LITERAL_NULL_CONVERSION = YES;
				CLANG_WARN_OBJC_IMPLICIT_RETAIN_SELF = YES;
				CLANG_WARN_OBJC_LITERAL_CONVERSION = YES;
				CLANG_WARN_OBJC_ROOT_CLASS = YES_ERROR;
				CLANG_WARN_RANGE_LOOP_ANALYSIS = YES;
				CLANG_WARN_STRICT_PROTOTYPES = YES;
				CLANG_WARN_SUSPICIOUS_MOVE = YES;
				CLANG_WARN_UNGUARDED_AVAILABILITY = YES_AGGRESSIVE;
				CLANG_WARN_UNREACHABLE_CODE = YES;
				CLANG_WARN__DUPLICATE_METHOD_MATCH = YES;
				COPY_PHASE_STRIP = NO;
				DEBUG_INFORMATION_FORMAT = dwarf;
				ENABLE_STRICT_OBJC_MSGSEND = YES;
				ENABLE_TESTABILITY = YES;
				GCC_C_LANGUAGE_STANDARD = gnu11;
				GCC_DYNAMIC_NO_PIC = NO;
				GCC_NO_COMMON_BLOCKS = YES;
				GCC_OPTIMIZATION_LEVEL = 0;
				GCC_PREPROCESSOR_DEFINITIONS = (
					"DEBUG=1",
					"$(inherited)",
				);
				GCC_WARN_64_TO_32_BIT_CONVERSION = YES;
				GCC_WARN_ABOUT_RETURN_TYPE = YES_ERROR;
				GCC_WARN_UNDECLARED_SELECTOR = YES;
				GCC_WARN_UNINITIALIZED_AUTOS = YES_AGGRESSIVE;
				GCC_WARN_UNUSED_FUNCTION = YES;
				GCC_WARN_UNUSED_VARIABLE = YES;
				IPHONEOS_DEPLOYMENT_TARGET = 13.2;
				MTL_ENABLE_DEBUG_INFO = INCLUDE_SOURCE;
				MTL_FAST_MATH = YES;
				ONLY_ACTIVE_ARCH = YES;
				SDKROOT = iphoneos;
				SWIFT_ACTIVE_COMPILATION_CONDITIONS = DEBUG;
				SWIFT_OPTIMIZATION_LEVEL = "-Onone";
			};
			name = Debug;
		};
		469ABEB52407CB2A0013D0AF /* Release */ = {
			isa = XCBuildConfiguration;
			buildSettings = {
				ALWAYS_SEARCH_USER_PATHS = NO;
				CLANG_ANALYZER_NONNULL = YES;
				CLANG_ANALYZER_NUMBER_OBJECT_CONVERSION = YES_AGGRESSIVE;
				CLANG_CXX_LANGUAGE_STANDARD = "gnu++14";
				CLANG_CXX_LIBRARY = "libc++";
				CLANG_ENABLE_MODULES = YES;
				CLANG_ENABLE_OBJC_ARC = YES;
				CLANG_ENABLE_OBJC_WEAK = YES;
				CLANG_WARN_BLOCK_CAPTURE_AUTORELEASING = YES;
				CLANG_WARN_BOOL_CONVERSION = YES;
				CLANG_WARN_COMMA = YES;
				CLANG_WARN_CONSTANT_CONVERSION = YES;
				CLANG_WARN_DEPRECATED_OBJC_IMPLEMENTATIONS = YES;
				CLANG_WARN_DIRECT_OBJC_ISA_USAGE = YES_ERROR;
				CLANG_WARN_DOCUMENTATION_COMMENTS = YES;
				CLANG_WARN_EMPTY_BODY = YES;
				CLANG_WARN_ENUM_CONVERSION = YES;
				CLANG_WARN_INFINITE_RECURSION = YES;
				CLANG_WARN_INT_CONVERSION = YES;
				CLANG_WARN_NON_LITERAL_NULL_CONVERSION = YES;
				CLANG_WARN_OBJC_IMPLICIT_RETAIN_SELF = YES;
				CLANG_WARN_OBJC_LITERAL_CONVERSION = YES;
				CLANG_WARN_OBJC_ROOT_CLASS = YES_ERROR;
				CLANG_WARN_RANGE_LOOP_ANALYSIS = YES;
				CLANG_WARN_STRICT_PROTOTYPES = YES;
				CLANG_WARN_SUSPICIOUS_MOVE = YES;
				CLANG_WARN_UNGUARDED_AVAILABILITY = YES_AGGRESSIVE;
				CLANG_WARN_UNREACHABLE_CODE = YES;
				CLANG_WARN__DUPLICATE_METHOD_MATCH = YES;
				COPY_PHASE_STRIP = NO;
				DEBUG_INFORMATION_FORMAT = "dwarf-with-dsym";
				ENABLE_NS_ASSERTIONS = NO;
				ENABLE_STRICT_OBJC_MSGSEND = YES;
				GCC_C_LANGUAGE_STANDARD = gnu11;
				GCC_NO_COMMON_BLOCKS = YES;
				GCC_WARN_64_TO_32_BIT_CONVERSION = YES;
				GCC_WARN_ABOUT_RETURN_TYPE = YES_ERROR;
				GCC_WARN_UNDECLARED_SELECTOR = YES;
				GCC_WARN_UNINITIALIZED_AUTOS = YES_AGGRESSIVE;
				GCC_WARN_UNUSED_FUNCTION = YES;
				GCC_WARN_UNUSED_VARIABLE = YES;
				IPHONEOS_DEPLOYMENT_TARGET = 13.2;
				MTL_ENABLE_DEBUG_INFO = NO;
				MTL_FAST_MATH = YES;
				SDKROOT = iphoneos;
				SWIFT_COMPILATION_MODE = wholemodule;
				SWIFT_OPTIMIZATION_LEVEL = "-O";
				VALIDATE_PRODUCT = YES;
			};
			name = Release;
		};
		469ABEB72407CB2A0013D0AF /* Debug */ = {
			isa = XCBuildConfiguration;
			buildSettings = {
				ASSETCATALOG_COMPILER_APPICON_NAME = AppIcon;
				CODE_SIGN_STYLE = Automatic;
				DEVELOPMENT_TEAM = 3FP28BF586;
				INFOPLIST_FILE = LotoSonuc/Info.plist;
				LD_RUNPATH_SEARCH_PATHS = (
					"$(inherited)",
					"@executable_path/Frameworks",
				);
				PRODUCT_BUNDLE_IDENTIFIER = com.foytingo.BiletTakip;
				PRODUCT_NAME = "$(TARGET_NAME)";
				SWIFT_VERSION = 5.0;
				TARGETED_DEVICE_FAMILY = "1,2";
			};
			name = Debug;
		};
		469ABEB82407CB2A0013D0AF /* Release */ = {
			isa = XCBuildConfiguration;
			buildSettings = {
				ASSETCATALOG_COMPILER_APPICON_NAME = AppIcon;
				CODE_SIGN_STYLE = Automatic;
				DEVELOPMENT_TEAM = 3FP28BF586;
				INFOPLIST_FILE = LotoSonuc/Info.plist;
				LD_RUNPATH_SEARCH_PATHS = (
					"$(inherited)",
					"@executable_path/Frameworks",
				);
				PRODUCT_BUNDLE_IDENTIFIER = com.foytingo.BiletTakip;
				PRODUCT_NAME = "$(TARGET_NAME)";
				SWIFT_VERSION = 5.0;
				TARGETED_DEVICE_FAMILY = "1,2";
			};
			name = Release;
		};
/* End XCBuildConfiguration section */

/* Begin XCConfigurationList section */
		469ABE9D2407CB250013D0AF /* Build configuration list for PBXProject "LotoSonuc" */ = {
			isa = XCConfigurationList;
			buildConfigurations = (
				469ABEB42407CB2A0013D0AF /* Debug */,
				469ABEB52407CB2A0013D0AF /* Release */,
			);
			defaultConfigurationIsVisible = 0;
			defaultConfigurationName = Release;
		};
		469ABEB62407CB2A0013D0AF /* Build configuration list for PBXNativeTarget "LotoSonuc" */ = {
			isa = XCConfigurationList;
			buildConfigurations = (
				469ABEB72407CB2A0013D0AF /* Debug */,
				469ABEB82407CB2A0013D0AF /* Release */,
			);
			defaultConfigurationIsVisible = 0;
			defaultConfigurationName = Release;
		};
/* End XCConfigurationList section */
	};
	rootObject = 469ABE9A2407CB250013D0AF /* Project object */;
}
