// !$*UTF8*$!
{
	archiveVersion = 1;
	classes = {
	};
	objectVersion = 50;
	objects = {

/* Begin PBXBuildFile section */
		469ABEA62407CB250013D0AF /* AppDelegate.swift in Sources */ = {isa = PBXBuildFile; fileRef = 469ABEA52407CB250013D0AF /* AppDelegate.swift */; };
		469ABEA82407CB250013D0AF /* SceneDelegate.swift in Sources */ = {isa = PBXBuildFile; fileRef = 469ABEA72407CB250013D0AF /* SceneDelegate.swift */; };
		469ABEAA2407CB250013D0AF /* ViewController.swift in Sources */ = {isa = PBXBuildFile; fileRef = 469ABEA92407CB250013D0AF /* ViewController.swift */; };
		469ABEAD2407CB250013D0AF /* Main.storyboard in Resources */ = {isa = PBXBuildFile; fileRef = 469ABEAB2407CB250013D0AF /* Main.storyboard */; };
		469ABEAF2407CB2A0013D0AF /* Assets.xcassets in Resources */ = {isa = PBXBuildFile; fileRef = 469ABEAE2407CB2A0013D0AF /* Assets.xcassets */; };
		469ABEB22407CB2A0013D0AF /* LaunchScreen.storyboard in Resources */ = {isa = PBXBuildFile; fileRef = 469ABEB02407CB2A0013D0AF /* LaunchScreen.storyboard */; };
/* End PBXBuildFile section */

/* Begin PBXFileReference section */
		469ABEA22407CB250013D0AF /* LotoSonuc.app */ = {isa = PBXFileReference; explicitFileType = wrapper.application; includeInIndex = 0; path = LotoSonuc.app; sourceTree = BUILT_PRODUCTS_DIR; };
		469ABEA52407CB250013D0AF /* AppDelegate.swift */ = {isa = PBXFileReference; lastKnownFileType = sourcecode.swift; path = AppDelegate.swift; sourceTree = "<group>"; };
		469ABEA72407CB250013D0AF /* SceneDelegate.swift */ = {isa = PBXFileReference; lastKnownFileType = sourcecode.swift; path = SceneDelegate.swift; sourceTree = "<group>"; };
		469ABEA92407CB250013D0AF /* ViewController.swift */ = {isa = PBXFileReference; lastKnownFileType = sourcecode.swift; path = ViewController.swift; sourceTree = "<group>"; };
		469ABEAC2407CB250013D0AF /* Base */ = {isa = PBXFileReference; lastKnownFileType = file.storyboard; name = Base; path = Base.lproj/Main.storyboard; sourceTree = "<group>"; };
		469ABEAE2407CB2A0013D0AF /* Assets.xcassets */ = {isa = PBXFileReference; lastKnownFileType = folder.assetcatalog; path = Assets.xcassets; sourceTree = "<group>"; };
		469ABEB12407CB2A0013D0AF /* Base */ = {isa = PBXFileReference; lastKnownFileType = file.storyboard; name = Base; path = Base.lproj/LaunchScreen.storyboard; sourceTree = "<group>"; };
		469ABEB32407CB2A0013D0AF /* Info.plist */ = {isa = PBXFileReference; lastKnownFileType = text.plist.xml; path = Info.plist; sourceTree = "<group>"; };
/* End PBXFileReference section */

/* Begin PBXFrameworksBuildPhase section */
		469ABE9F2407CB250013D0AF /* Frameworks */ = {
			isa = PBXFrameworksBuildPhase;
			buildActionMask = 2147483647;
			files = (
			);
			runOnlyForDeploymentPostprocessing = 0;
		};
/* End PBXFrameworksBuildPhase section */

/* Begin PBXGroup section */
		469ABE992407CB250013D0AF = {
			isa = PBXGroup;
			children = (
				469ABEA42407CB250013D0AF /* LotoSonuc */,
				469ABEA32407CB250013D0AF /* Products */,
			);
			sourceTree = "<group>";
		};
		469ABEA32407CB250013D0AF /* Products */ = {
			isa = PBXGroup;
			children = (
				469ABEA22407CB250013D0AF /* LotoSonuc.app */,
			);
			name = Products;
			sourceTree = "<group>";
		};
		469ABEA42407CB250013D0AF /* LotoSonuc */ = {
			isa = PBXGroup;
			children = (
				469ABEA52407CB250013D0AF /* AppDelegate.swift */,
				469ABEA72407CB250013D0AF /* SceneDelegate.swift */,
				469ABEA92407CB250013D0AF /* ViewController.swift */,
				469ABEAB2407CB250013D0AF /* Main.storyboard */,
				469ABEAE2407CB2A0013D0AF /* Assets.xcassets */,
				469ABEB02407CB2A0013D0AF /* LaunchScreen.storyboard */,
				469ABEB32407CB2A0013D0AF /* Info.plist */,
			);
			path = LotoSonuc;
			sourceTree = "<group>";
		};
/* End PBXGroup section */

/* Begin PBXNativeTarget section */
		469ABEA12407CB250013D0AF /* LotoSonuc */ = {
			isa = PBXNativeTarget;
			buildConfigurationList = 469ABEB62407CB2A0013D0AF /* Build configuration list for PBXNativeTarget "LotoSonuc" */;
			buildPhases = (
				469ABE9E2407CB250013D0AF /* Sources */,
				469ABE9F2407CB250013D0AF /* Frameworks */,
				469ABEA02407CB250013D0AF /* Resources */,
			);
			buildRules = (
			);
			dependencies = (
			);
			name = LotoSonuc;
			productName = LotoSonuc;
			productReference = 469ABEA22407CB250013D0AF /* LotoSonuc.app */;
			productType = "com.apple.product-type.application";
		};
/* End PBXNativeTarget section */

/* Begin PBXProject section */
		469ABE9A2407CB250013D0AF /* Project object */ = {
			isa = PBXProject;
			attributes = {
				LastSwiftUpdateCheck = 1130;
				LastUpgradeCheck = 1130;
				ORGANIZATIONNAME = "Murat Baykor";
				TargetAttributes = {
					469ABEA12407CB250013D0AF = {
						CreatedOnToolsVersion = 11.3.1;
					};
				};
			};
			buildConfigurationList = 469ABE9D2407CB250013D0AF /* Build configuration list for PBXProject "LotoSonuc" */;
			compatibilityVersion = "Xcode 9.3";
			developmentRegion = en;
			hasScannedForEncodings = 0;
			knownRegions = (
				en,
				Base,
			);
			mainGroup = 469ABE992407CB250013D0AF;
			productRefGroup = 469ABEA32407CB250013D0AF /* Products */;
			projectDirPath = "";
			projectRoot = "";
			targets = (
				469ABEA12407CB250013D0AF /* LotoSonuc */,
			);
		};
/* End PBXProject section */

/* Begin PBXResourcesBuildPhase section */
		469ABEA02407CB250013D0AF /* Resources */ = {
			isa = PBXResourcesBuildPhase;
			buildActionMask = 2147483647;
			files = (
				469ABEB22407CB2A0013D0AF /* LaunchScreen.storyboard in Resources */,
				469ABEAF2407CB2A0013D0AF /* Assets.xcassets in Resources */,
				469ABEAD2407CB250013D0AF /* Main.storyboard in Resources */,
			);
			runOnlyForDeploymentPostprocessing = 0;
		};
/* End PBXResourcesBuildPhase section */

/* Begin PBXSourcesBuildPhase section */
		469ABE9E2407CB250013D0AF /* Sources */ = {
			isa = PBXSourcesBuildPhase;
			buildActionMask = 2147483647;
			files = (
				469ABEAA2407CB250013D0AF /* ViewController.swift in Sources */,
				469ABEA62407CB250013D0AF /* AppDelegate.swift in Sources */,
				469ABEA82407CB250013D0AF /* SceneDelegate.swift in Sources */,
			);
			runOnlyForDeploymentPostprocessing = 0;
		};
/* End PBXSourcesBuildPhase section */

/* Begin PBXVariantGroup section */
		469ABEAB2407CB250013D0AF /* Main.storyboard */ = {
			isa = PBXVariantGroup;
			children = (
				469ABEAC2407CB250013D0AF /* Base */,
			);
			name = Main.storyboard;
			sourceTree = "<group>";
		};
		469ABEB02407CB2A0013D0AF /* LaunchScreen.storyboard */ = {
			isa = PBXVariantGroup;
			children = (
				469ABEB12407CB2A0013D0AF /* Base */,
			);
			name = LaunchScreen.storyboard;
			sourceTree = "<group>";
		};
/* End PBXVariantGroup section */

/* Begin XCBuildConfiguration section */
		469ABEB42407CB2A0013D0AF /* Debug */ = {
			isa = XCBuildConfiguration;
			buildSettings = {
				ALWAYS_SEARCH_USER_PATHS = NO;
				CLANG_ANALYZER_NONNULL = YES;
				CLANG_ANALYZER_NUMBER_OBJECT_CONVERSION = YES_AGGRESSIVE;
				CLANG_CXX_LANGUAGE_STANDARD = "gnu++14";
				CLANG_CXX_LIBRARY = "libc++";
				CLANG_ENABLE_MODULES = YES;
				CLANG_ENABLE_OBJC_ARC = YES;
				CLANG_ENABLE_OBJC_WEAK = YES;
				CLANG_WARN_BLOCK_CAPTURE_AUTORELEASING = YES;
				CLANG_WARN_BOOL_CONVERSION = YES;
				CLANG_WARN_COMMA = YES;
				CLANG_WARN_CONSTANT_CONVERSION = YES;
				CLANG_WARN_DEPRECATED_OBJC_IMPLEMENTATIONS = YES;
				CLANG_WARN_DIRECT_OBJC_ISA_USAGE = YES_ERROR;
				CLANG_WARN_DOCUMENTATION_COMMENTS = YES;
				CLANG_WARN_EMPTY_BODY = YES;
				CLANG_WARN_ENUM_CONVERSION = YES;
				CLANG_WARN_INFINITE_RECURSION = YES;
				CLANG_WARN_INT_CONVERSION = YES;
				CLANG_WARN_NON_LITERAL_NULL_CONVERSION = YES;
				CLANG_WARN_OBJC_IMPLICIT_RETAIN_SELF = YES;
				CLANG_WARN_OBJC_LITERAL_CONVERSION = YES;
				CLANG_WARN_OBJC_ROOT_CLASS = YES_ERROR;
				CLANG_WARN_RANGE_LOOP_ANALYSIS = YES;
				CLANG_WARN_STRICT_PROTOTYPES = YES;
				CLANG_WARN_SUSPICIOUS_MOVE = YES;
				CLANG_WARN_UNGUARDED_AVAILABILITY = YES_AGGRESSIVE;
				CLANG_WARN_UNREACHABLE_CODE = YES;
				CLANG_WARN__DUPLICATE_METHOD_MATCH = YES;
				COPY_PHASE_STRIP = NO;
				DEBUG_INFORMATION_FORMAT = dwarf;
				ENABLE_STRICT_OBJC_MSGSEND = YES;
				ENABLE_TESTABILITY = YES;
				GCC_C_LANGUAGE_STANDARD = gnu11;
				GCC_DYNAMIC_NO_PIC = NO;
				GCC_NO_COMMON_BLOCKS = YES;
				GCC_OPTIMIZATION_LEVEL = 0;
				GCC_PREPROCESSOR_DEFINITIONS = (
					"DEBUG=1",
					"$(inherited)",
				);
				GCC_WARN_64_TO_32_BIT_CONVERSION = YES;
				GCC_WARN_ABOUT_RETURN_TYPE = YES_ERROR;
				GCC_WARN_UNDECLARED_SELECTOR = YES;
				GCC_WARN_UNINITIALIZED_AUTOS = YES_AGGRESSIVE;
				GCC_WARN_UNUSED_FUNCTION = YES;
				GCC_WARN_UNUSED_VARIABLE = YES;
				IPHONEOS_DEPLOYMENT_TARGET = 13.2;
				MTL_ENABLE_DEBUG_INFO = INCLUDE_SOURCE;
				MTL_FAST_MATH = YES;
				ONLY_ACTIVE_ARCH = YES;
				SDKROOT = iphoneos;
				SWIFT_ACTIVE_COMPILATION_CONDITIONS = DEBUG;
				SWIFT_OPTIMIZATION_LEVEL = "-Onone";
			};
			name = Debug;
		};
		469ABEB52407CB2A0013D0AF /* Release */ = {
			isa = XCBuildConfiguration;
			buildSettings = {
				ALWAYS_SEARCH_USER_PATHS = NO;
				CLANG_ANALYZER_NONNULL = YES;
				CLANG_ANALYZER_NUMBER_OBJECT_CONVERSION = YES_AGGRESSIVE;
				CLANG_CXX_LANGUAGE_STANDARD = "gnu++14";
				CLANG_CXX_LIBRARY = "libc++";
				CLANG_ENABLE_MODULES = YES;
				CLANG_ENABLE_OBJC_ARC = YES;
				CLANG_ENABLE_OBJC_WEAK = YES;
				CLANG_WARN_BLOCK_CAPTURE_AUTORELEASING = YES;
				CLANG_WARN_BOOL_CONVERSION = YES;
				CLANG_WARN_COMMA = YES;
				CLANG_WARN_CONSTANT_CONVERSION = YES;
				CLANG_WARN_DEPRECATED_OBJC_IMPLEMENTATIONS = YES;
				CLANG_WARN_DIRECT_OBJC_ISA_USAGE = YES_ERROR;
				CLANG_WARN_DOCUMENTATION_COMMENTS = YES;
				CLANG_WARN_EMPTY_BODY = YES;
				CLANG_WARN_ENUM_CONVERSION = YES;
				CLANG_WARN_INFINITE_RECURSION = YES;
				CLANG_WARN_INT_CONVERSION = YES;
				CLANG_WARN_NON_LITERAL_NULL_CONVERSION = YES;
				CLANG_WARN_OBJC_IMPLICIT_RETAIN_SELF = YES;
				CLANG_WARN_OBJC_LITERAL_CONVERSION = YES;
				CLANG_WARN_OBJC_ROOT_CLASS = YES_ERROR;
				CLANG_WARN_RANGE_LOOP_ANALYSIS = YES;
				CLANG_WARN_STRICT_PROTOTYPES = YES;
				CLANG_WARN_SUSPICIOUS_MOVE = YES;
				CLANG_WARN_UNGUARDED_AVAILABILITY = YES_AGGRESSIVE;
				CLANG_WARN_UNREACHABLE_CODE = YES;
				CLANG_WARN__DUPLICATE_METHOD_MATCH = YES;
				COPY_PHASE_STRIP = NO;
				DEBUG_INFORMATION_FORMAT = "dwarf-with-dsym";
				ENABLE_NS_ASSERTIONS = NO;
				ENABLE_STRICT_OBJC_MSGSEND = YES;
				GCC_C_LANGUAGE_STANDARD = gnu11;
				GCC_NO_COMMON_BLOCKS = YES;
				GCC_WARN_64_TO_32_BIT_CONVERSION = YES;
				GCC_WARN_ABOUT_RETURN_TYPE = YES_ERROR;
				GCC_WARN_UNDECLARED_SELECTOR = YES;
				GCC_WARN_UNINITIALIZED_AUTOS = YES_AGGRESSIVE;
				GCC_WARN_UNUSED_FUNCTION = YES;
				GCC_WARN_UNUSED_VARIABLE = YES;
				IPHONEOS_DEPLOYMENT_TARGET = 13.2;
				MTL_ENABLE_DEBUG_INFO = NO;
				MTL_FAST_MATH = YES;
				SDKROOT = iphoneos;
				SWIFT_COMPILATION_MODE = wholemodule;
				SWIFT_OPTIMIZATION_LEVEL = "-O";
				VALIDATE_PRODUCT = YES;
			};
			name = Release;
		};
		469ABEB72407CB2A0013D0AF /* Debug */ = {
			isa = XCBuildConfiguration;
			buildSettings = {
				ASSETCATALOG_COMPILER_APPICON_NAME = AppIcon;
				CODE_SIGN_STYLE = Automatic;
				DEVELOPMENT_TEAM = 3FP28BF586;
				INFOPLIST_FILE = LotoSonuc/Info.plist;
				LD_RUNPATH_SEARCH_PATHS = (
					"$(inherited)",
					"@executable_path/Frameworks",
				);
				PRODUCT_BUNDLE_IDENTIFIER = com.foytingo.LotoSonuc;
				PRODUCT_NAME = "$(TARGET_NAME)";
				SWIFT_VERSION = 5.0;
				TARGETED_DEVICE_FAMILY = "1,2";
			};
			name = Debug;
		};
		469ABEB82407CB2A0013D0AF /* Release */ = {
			isa = XCBuildConfiguration;
			buildSettings = {
				ASSETCATALOG_COMPILER_APPICON_NAME = AppIcon;
				CODE_SIGN_STYLE = Automatic;
				DEVELOPMENT_TEAM = 3FP28BF586;
				INFOPLIST_FILE = LotoSonuc/Info.plist;
				LD_RUNPATH_SEARCH_PATHS = (
					"$(inherited)",
					"@executable_path/Frameworks",
				);
				PRODUCT_BUNDLE_IDENTIFIER = com.foytingo.LotoSonuc;
				PRODUCT_NAME = "$(TARGET_NAME)";
				SWIFT_VERSION = 5.0;
				TARGETED_DEVICE_FAMILY = "1,2";
			};
			name = Release;
		};
/* End XCBuildConfiguration section */

/* Begin XCConfigurationList section */
		469ABE9D2407CB250013D0AF /* Build configuration list for PBXProject "LotoSonuc" */ = {
			isa = XCConfigurationList;
			buildConfigurations = (
				469ABEB42407CB2A0013D0AF /* Debug */,
				469ABEB52407CB2A0013D0AF /* Release */,
			);
			defaultConfigurationIsVisible = 0;
			defaultConfigurationName = Release;
		};
		469ABEB62407CB2A0013D0AF /* Build configuration list for PBXNativeTarget "LotoSonuc" */ = {
			isa = XCConfigurationList;
			buildConfigurations = (
				469ABEB72407CB2A0013D0AF /* Debug */,
				469ABEB82407CB2A0013D0AF /* Release */,
			);
			defaultConfigurationIsVisible = 0;
			defaultConfigurationName = Release;
		};
/* End XCConfigurationList section */
	};
	rootObject = 469ABE9A2407CB250013D0AF /* Project object */;
}
